
Microsoft Visual Studio Solution File, Format Version 12.00
# Visual Studio 2013
VisualStudioVersion = 12.0.20827.3
MinimumVisualStudioVersion = 10.0.40219.1
Project("{FAE04EC0-301F-11D3-BF4B-00C04F79EFBC}") = "avajs", "avajs.csproj", "{D9A53FA1-CF27-4052-BC0C-BB6DD014F531}"
EndProject
Global
	GlobalSection(SolutionConfigurationPlatforms) = preSolution
		Debug|Any CPU = Debug|Any CPU
		Release|Any CPU = Release|Any CPU
	EndGlobalSection
	GlobalSection(ProjectConfigurationPlatforms) = postSolution
		{D9A53FA1-CF27-4052-BC0C-BB6DD014F531}.Debug|Any CPU.ActiveCfg = Debug|Any CPU
		{D9A53FA1-CF27-4052-BC0C-BB6DD014F531}.Debug|Any CPU.Build.0 = Debug|Any CPU
		{D9A53FA1-CF27-4052-BC0C-BB6DD014F531}.Release|Any CPU.ActiveCfg = Release|Any CPU
		{D9A53FA1-CF27-4052-BC0C-BB6DD014F531}.Release|Any CPU.Build.0 = Release|Any CPU
	EndGlobalSection
	GlobalSection(SolutionProperties) = preSolution
		HideSolutionNode = FALSE
	EndGlobalSection
EndGlobal
